
Microsoft Visual Studio Solution File, Format Version 12.00
# Visual Studio 14
VisualStudioVersion = 14.0.25420.1
MinimumVisualStudioVersion = 10.0.40219.1
Project("{2150E333-8FDC-42A3-9474-1A3956D46DE8}") = "src", "src", "{494BEAAA-C67E-44BD-ABCC-55CDA87F2546}"
EndProject
Project("{2150E333-8FDC-42A3-9474-1A3956D46DE8}") = "Solution Items", "Solution Items", "{2B4ACAEB-FD0F-49AD-9F61-A455F772D7CD}"
	ProjectSection(SolutionItems) = preProject
		global.json = global.json
	EndProjectSection
EndProject
Project("{8BB2217D-0F2D-49D1-97BC-3654ED321F3B}") = "Swarmer.AM.Server", "src\SwarmerServer\Swarmer.AM.Server.xproj", "{B1A1B995-66DF-4948-997D-5F2E2F1B6CBD}"
EndProject
Project("{8BB2217D-0F2D-49D1-97BC-3654ED321F3B}") = "Swarmer.AM.Contracts", "src\Swarmer.Contracts\Swarmer.AM.Contracts.xproj", "{3C75F218-BEE4-46AF-92CA-66F4E11E024B}"
EndProject
Project("{8BB2217D-0F2D-49D1-97BC-3654ED321F3B}") = "Swarmer.Common", "src\Swarmer.Common\Swarmer.Common.xproj", "{384A6114-795F-410C-A911-41E1889F106E}"
EndProject
Project("{2150E333-8FDC-42A3-9474-1A3956D46DE8}") = "AccountsManagement", "AccountsManagement", "{80393F03-3DBF-456F-9CB3-650C4251D3FF}"
EndProject
Project("{8BB2217D-0F2D-49D1-97BC-3654ED321F3B}") = "Swarmer.AM.DAL", "src\Swarmer.AM.DAL\Swarmer.AM.DAL.xproj", "{6268DD8F-8CBE-48F6-96AF-05D28B2A9C08}"
EndProject
Project("{8BB2217D-0F2D-49D1-97BC-3654ED321F3B}") = "Swarmer.AM.Core", "src\Swarmer.AM.Core\Swarmer.AM.Core.xproj", "{382E37A4-BB18-4A5E-90F6-2D12EA3521F9}"
EndProject
Project("{2150E333-8FDC-42A3-9474-1A3956D46DE8}") = "scripts", "scripts", "{8C028175-1B17-4490-AFB9-14C87E2157F6}"
EndProject
Project("{2150E333-8FDC-42A3-9474-1A3956D46DE8}") = "AccountsManagement", "AccountsManagement", "{AAE047F5-3018-4250-A7EA-DE34916411E0}"
	ProjectSection(SolutionItems) = preProject
		CreateDatabase.sql = CreateDatabase.sql
	EndProjectSection
EndProject
Project("{2150E333-8FDC-42A3-9474-1A3956D46DE8}") = "Front", "Front", "{84B691D9-388F-449D-B315-3B9C552AFE87}"
EndProject
Project("{2150E333-8FDC-42A3-9474-1A3956D46DE8}") = "Services", "Services", "{85E0FB78-530A-422F-A761-958EB8FF1809}"
EndProject
Project("{8BB2217D-0F2D-49D1-97BC-3654ED321F3B}") = "Swarmer.Front", "Swarmer.Front\Swarmer.Front.xproj", "{A92371F0-ECBD-4117-ABE1-A776E0B02F23}"
EndProject
Project("{2150E333-8FDC-42A3-9474-1A3956D46DE8}") = "Utils", "Utils", "{74E88034-56BC-4375-A944-E325DE92B824}"
EndProject
Project("{888888A0-9F3D-457C-B088-3A5042F75D52}") = "CodeGenerationUtils", "src\Utils\CodeGenerationUtils\CodeGenerationUtils.pyproj", "{955C1071-6187-44FB-AD54-4D1F07470020}"
EndProject
Global
	GlobalSection(SolutionConfigurationPlatforms) = preSolution
		Debug|Any CPU = Debug|Any CPU
		Release|Any CPU = Release|Any CPU
	EndGlobalSection
	GlobalSection(ProjectConfigurationPlatforms) = postSolution
		{B1A1B995-66DF-4948-997D-5F2E2F1B6CBD}.Debug|Any CPU.ActiveCfg = Debug|Any CPU
		{B1A1B995-66DF-4948-997D-5F2E2F1B6CBD}.Debug|Any CPU.Build.0 = Debug|Any CPU
		{B1A1B995-66DF-4948-997D-5F2E2F1B6CBD}.Release|Any CPU.ActiveCfg = Release|Any CPU
		{B1A1B995-66DF-4948-997D-5F2E2F1B6CBD}.Release|Any CPU.Build.0 = Release|Any CPU
		{3C75F218-BEE4-46AF-92CA-66F4E11E024B}.Debug|Any CPU.ActiveCfg = Debug|Any CPU
		{3C75F218-BEE4-46AF-92CA-66F4E11E024B}.Debug|Any CPU.Build.0 = Debug|Any CPU
		{3C75F218-BEE4-46AF-92CA-66F4E11E024B}.Release|Any CPU.ActiveCfg = Release|Any CPU
		{3C75F218-BEE4-46AF-92CA-66F4E11E024B}.Release|Any CPU.Build.0 = Release|Any CPU
		{384A6114-795F-410C-A911-41E1889F106E}.Debug|Any CPU.ActiveCfg = Debug|Any CPU
		{384A6114-795F-410C-A911-41E1889F106E}.Debug|Any CPU.Build.0 = Debug|Any CPU
		{384A6114-795F-410C-A911-41E1889F106E}.Release|Any CPU.ActiveCfg = Release|Any CPU
		{384A6114-795F-410C-A911-41E1889F106E}.Release|Any CPU.Build.0 = Release|Any CPU
		{6268DD8F-8CBE-48F6-96AF-05D28B2A9C08}.Debug|Any CPU.ActiveCfg = Debug|Any CPU
		{6268DD8F-8CBE-48F6-96AF-05D28B2A9C08}.Debug|Any CPU.Build.0 = Debug|Any CPU
		{6268DD8F-8CBE-48F6-96AF-05D28B2A9C08}.Release|Any CPU.ActiveCfg = Release|Any CPU
		{6268DD8F-8CBE-48F6-96AF-05D28B2A9C08}.Release|Any CPU.Build.0 = Release|Any CPU
		{382E37A4-BB18-4A5E-90F6-2D12EA3521F9}.Debug|Any CPU.ActiveCfg = Debug|Any CPU
		{382E37A4-BB18-4A5E-90F6-2D12EA3521F9}.Debug|Any CPU.Build.0 = Debug|Any CPU
		{382E37A4-BB18-4A5E-90F6-2D12EA3521F9}.Release|Any CPU.ActiveCfg = Release|Any CPU
		{382E37A4-BB18-4A5E-90F6-2D12EA3521F9}.Release|Any CPU.Build.0 = Release|Any CPU
		{A92371F0-ECBD-4117-ABE1-A776E0B02F23}.Debug|Any CPU.ActiveCfg = Debug|Any CPU
		{A92371F0-ECBD-4117-ABE1-A776E0B02F23}.Debug|Any CPU.Build.0 = Debug|Any CPU
		{A92371F0-ECBD-4117-ABE1-A776E0B02F23}.Release|Any CPU.ActiveCfg = Release|Any CPU
		{A92371F0-ECBD-4117-ABE1-A776E0B02F23}.Release|Any CPU.Build.0 = Release|Any CPU
		{955C1071-6187-44FB-AD54-4D1F07470020}.Debug|Any CPU.ActiveCfg = Debug|Any CPU
		{955C1071-6187-44FB-AD54-4D1F07470020}.Release|Any CPU.ActiveCfg = Release|Any CPU
	EndGlobalSection
	GlobalSection(SolutionProperties) = preSolution
		HideSolutionNode = FALSE
	EndGlobalSection
	GlobalSection(NestedProjects) = preSolution
		{B1A1B995-66DF-4948-997D-5F2E2F1B6CBD} = {80393F03-3DBF-456F-9CB3-650C4251D3FF}
		{3C75F218-BEE4-46AF-92CA-66F4E11E024B} = {80393F03-3DBF-456F-9CB3-650C4251D3FF}
		{384A6114-795F-410C-A911-41E1889F106E} = {85E0FB78-530A-422F-A761-958EB8FF1809}
		{80393F03-3DBF-456F-9CB3-650C4251D3FF} = {85E0FB78-530A-422F-A761-958EB8FF1809}
		{6268DD8F-8CBE-48F6-96AF-05D28B2A9C08} = {80393F03-3DBF-456F-9CB3-650C4251D3FF}
		{382E37A4-BB18-4A5E-90F6-2D12EA3521F9} = {80393F03-3DBF-456F-9CB3-650C4251D3FF}
		{8C028175-1B17-4490-AFB9-14C87E2157F6} = {2B4ACAEB-FD0F-49AD-9F61-A455F772D7CD}
		{AAE047F5-3018-4250-A7EA-DE34916411E0} = {8C028175-1B17-4490-AFB9-14C87E2157F6}
		{84B691D9-388F-449D-B315-3B9C552AFE87} = {494BEAAA-C67E-44BD-ABCC-55CDA87F2546}
		{85E0FB78-530A-422F-A761-958EB8FF1809} = {494BEAAA-C67E-44BD-ABCC-55CDA87F2546}
		{A92371F0-ECBD-4117-ABE1-A776E0B02F23} = {84B691D9-388F-449D-B315-3B9C552AFE87}
		{74E88034-56BC-4375-A944-E325DE92B824} = {494BEAAA-C67E-44BD-ABCC-55CDA87F2546}
		{955C1071-6187-44FB-AD54-4D1F07470020} = {74E88034-56BC-4375-A944-E325DE92B824}
	EndGlobalSection
EndGlobal
